Microsoft Visual Studio Solution File, Format Version 12.00
# Visual Studio Version 17
VisualStudioVersion = 17.5.2.0
MinimumVisualStudioVersion = 10.0.40219.1
Project("{FAE04EC0-301F-11D3-BF4B-00C04F79EFBC}") = "KuantumKaosYonetimi", "CSharp\KuantumKaosYonetimi.csproj", "{D3CC8CA5-0177-CBB3-1D1D-3B6959F5A270}"
EndProject
Global
	GlobalSection(SolutionConfigurationPlatforms) = preSolution
		Debug|Any CPU = Debug|Any CPU
		Release|Any CPU = Release|Any CPU
	EndGlobalSection
	GlobalSection(ProjectConfigurationPlatforms) = postSolution
		{D3CC8CA5-0177-CBB3-1D1D-3B6959F5A270}.Debug|Any CPU.ActiveCfg = Debug|Any CPU
		{D3CC8CA5-0177-CBB3-1D1D-3B6959F5A270}.Debug|Any CPU.Build.0 = Debug|Any CPU
		{D3CC8CA5-0177-CBB3-1D1D-3B6959F5A270}.Release|Any CPU.ActiveCfg = Release|Any CPU
		{D3CC8CA5-0177-CBB3-1D1D-3B6959F5A270}.Release|Any CPU.Build.0 = Release|Any CPU
	EndGlobalSection
	GlobalSection(SolutionProperties) = preSolution
		HideSolutionNode = FALSE
	EndGlobalSection
	GlobalSection(ExtensibilityGlobals) = postSolution
		SolutionGuid = {7178BE7F-87B9-414E-8180-5B1404D546EE}
	EndGlobalSection
EndGlobal
